
Microsoft Visual Studio Solution File, Format Version 12.00
# Visual Studio Version 17
VisualStudioVersion = 17.3.32804.467
MinimumVisualStudioVersion = 10.0.40219.1
Project("{9A19103F-16F7-4668-BE54-9A1E7A4F7556}") = "MyClassLibrary", "MyClassLibrary\MyClassLibrary.csproj", "{4CCEFF2E-6540-4945-839B-46F00B365A53}"
EndProject
Project("{9A19103F-16F7-4668-BE54-9A1E7A4F7556}") = "TestProject_MyClassLib", "..\TestProject_MyClassLib\TestProject_MyClassLib\TestProject_MyClassLib.csproj", "{5878CFA7-BAED-40C8-AB2A-1CBD91018432}"
EndProject
Global
	GlobalSection(SolutionConfigurationPlatforms) = preSolution
		Debug|Any CPU = Debug|Any CPU
		Release|Any CPU = Release|Any CPU
	EndGlobalSection
	GlobalSection(ProjectConfigurationPlatforms) = postSolution
		{4CCEFF2E-6540-4945-839B-46F00B365A53}.Debug|Any CPU.ActiveCfg = Debug|Any CPU
		{4CCEFF2E-6540-4945-839B-46F00B365A53}.Debug|Any CPU.Build.0 = Debug|Any CPU
		{4CCEFF2E-6540-4945-839B-46F00B365A53}.Release|Any CPU.ActiveCfg = Release|Any CPU
		{4CCEFF2E-6540-4945-839B-46F00B365A53}.Release|Any CPU.Build.0 = Release|Any CPU
		{5878CFA7-BAED-40C8-AB2A-1CBD91018432}.Debug|Any CPU.ActiveCfg = Debug|Any CPU
		{5878CFA7-BAED-40C8-AB2A-1CBD91018432}.Debug|Any CPU.Build.0 = Debug|Any CPU
		{5878CFA7-BAED-40C8-AB2A-1CBD91018432}.Release|Any CPU.ActiveCfg = Release|Any CPU
		{5878CFA7-BAED-40C8-AB2A-1CBD91018432}.Release|Any CPU.Build.0 = Release|Any CPU
	EndGlobalSection
	GlobalSection(SolutionProperties) = preSolution
		HideSolutionNode = FALSE
	EndGlobalSection
	GlobalSection(ExtensibilityGlobals) = postSolution
		SolutionGuid = {3A1DC8EE-A332-4749-93CF-BB0121A5B038}
	EndGlobalSection
EndGlobal
